
Microsoft Visual Studio Solution File, Format Version 12.00
# Visual Studio Version 17
VisualStudioVersion = 17.14.36221.1 d17.14
MinimumVisualStudioVersion = 10.0.40219.1
Project("{FAE04EC0-301F-11D3-BF4B-00C04F79EFBC}") = "Demo", "Demo\Demo.csproj", "{D8D818D9-6E29-4E27-B5DF-BD0092449E32}"
EndProject
Project("{FAE04EC0-301F-11D3-BF4B-00C04F79EFBC}") = "Assemente4", "Assemente4\Assemente4.csproj", "{3838A015-59BD-49D5-928A-09EA98FA8C32}"
EndProject
Global
	GlobalSection(SolutionConfigurationPlatforms) = preSolution
		Debug|Any CPU = Debug|Any CPU
		Release|Any CPU = Release|Any CPU
	EndGlobalSection
	GlobalSection(ProjectConfigurationPlatforms) = postSolution
		{D8D818D9-6E29-4E27-B5DF-BD0092449E32}.Debug|Any CPU.ActiveCfg = Debug|Any CPU
		{D8D818D9-6E29-4E27-B5DF-BD0092449E32}.Debug|Any CPU.Build.0 = Debug|Any CPU
		{D8D818D9-6E29-4E27-B5DF-BD0092449E32}.Release|Any CPU.ActiveCfg = Release|Any CPU
		{D8D818D9-6E29-4E27-B5DF-BD0092449E32}.Release|Any CPU.Build.0 = Release|Any CPU
		{3838A015-59BD-49D5-928A-09EA98FA8C32}.Debug|Any CPU.ActiveCfg = Debug|Any CPU
		{3838A015-59BD-49D5-928A-09EA98FA8C32}.Debug|Any CPU.Build.0 = Debug|Any CPU
		{3838A015-59BD-49D5-928A-09EA98FA8C32}.Release|Any CPU.ActiveCfg = Release|Any CPU
		{3838A015-59BD-49D5-928A-09EA98FA8C32}.Release|Any CPU.Build.0 = Release|Any CPU
	EndGlobalSection
	GlobalSection(SolutionProperties) = preSolution
		HideSolutionNode = FALSE
	EndGlobalSection
	GlobalSection(ExtensibilityGlobals) = postSolution
		SolutionGuid = {EC9B6124-AF54-4F6C-95AF-679B7256C4DC}
	EndGlobalSection
EndGlobal
